# This file is generated by running "yarn install" inside your project.
# Manual changes might be lost - proceed with caution!

__metadata:
  version: 6
  cacheKey: 8

"dotenv@npm:^16.0.3":
  version: 16.0.3
  resolution: "dotenv@npm:16.0.3"
  checksum: afcf03f373d7a6d62c7e9afea6328e62851d627a4e73f2e12d0a8deae1cd375892004f3021883f8aec85932cd2834b091f568ced92b4774625b321db83b827f8
  languageName: node
  linkType: hard

"kafkajs@npm:^2.2.4":
  version: 2.2.4
  resolution: "kafkajs@npm:2.2.4"
  checksum: 83e9e8bc50a09b142f4ff79f6a2bd88ecc21b83bcefe6621ab1716118d624886befb7371731274f67812ce35dd50b53140ff3b49a06e5d9169fe6b164d72fea5
  languageName: node
  linkType: hard

"nodejs-kafka-example@workspace:.":
  version: 0.0.0-use.local
  resolution: "nodejs-kafka-example@workspace:."
  dependencies:
    dotenv: ^16.0.3
    kafkajs: ^2.2.4
    nodejs: ^0.0.0
    typescript: ^4.9.3
  languageName: unknown
  linkType: soft

"nodejs@npm:^0.0.0":
  version: 0.0.0
  resolution: "nodejs@npm:0.0.0"
  checksum: 25776abe2fc1141eb35de7dbc4218a506928bd8b949e7880f6c23e9390becd9024dfe1db4d674adb13e8a6650bcff8b99e43767a266de0572deba2dfb12305a0
  languageName: node
  linkType: hard

"typescript@npm:^4.9.3":
  version: 4.9.3
  resolution: "typescript@npm:4.9.3"
  bin:
    tsc: bin/tsc
    tsserver: bin/tsserver
  checksum: 17b8f816050b412403e38d48eef0e893deb6be522d6dc7caf105e54a72e34daf6835c447735fd2b28b66784e72bfbf87f627abb4818a8e43d1fa8106396128dc
  languageName: node
  linkType: hard

"typescript@patch:typescript@^4.9.3#~builtin<compat/typescript>":
  version: 4.9.3
  resolution: "typescript@patch:typescript@npm%3A4.9.3#~builtin<compat/typescript>::version=4.9.3&hash=701156"
  bin:
    tsc: bin/tsc
    tsserver: bin/tsserver
  checksum: ef65c22622d864497d0a0c5db693523329b3284c15fe632e93ad9aa059e8dc38ef3bd767d6f26b1e5ecf9446f49bd0f6c4e5714a2eeaf352805dc002479843d1
  languageName: node
  linkType: hard
